// !$*UTF8*$!
{
	archiveVersion = 1;
	classes = {
	};
	objectVersion = 46;
	objects = {

/* Begin PBXBuildFile section */
		04597B8D1F36E26700D078FC /* main.m in Sources */ = {isa = PBXBuildFile; fileRef = 04597B8C1F36E26700D078FC /* main.m */; };
		04597B901F36E26700D078FC /* AppDelegate.m in Sources */ = {isa = PBXBuildFile; fileRef = 04597B8F1F36E26700D078FC /* AppDelegate.m */; };
		04597B931F36E26700D078FC /* ViewController.m in Sources */ = {isa = PBXBuildFile; fileRef = 04597B921F36E26700D078FC /* ViewController.m */; };
		04597B961F36E26700D078FC /* Main.storyboard in Resources */ = {isa = PBXBuildFile; fileRef = 04597B941F36E26700D078FC /* Main.storyboard */; };
		04597B981F36E26700D078FC /* Assets.xcassets in Resources */ = {isa = PBXBuildFile; fileRef = 04597B971F36E26700D078FC /* Assets.xcassets */; };
		04597B9B1F36E26700D078FC /* LaunchScreen.storyboard in Resources */ = {isa = PBXBuildFile; fileRef = 04597B991F36E26700D078FC /* LaunchScreen.storyboard */; };
		7218650E1F4A70AB00A9D4D6 /* CALayer+ytcChain.m in Sources */ = {isa = PBXBuildFile; fileRef = 7218650D1F4A70AB00A9D4D6 /* CALayer+ytcChain.m */; };
		7243C8001F3962A6003F4A90 /* SubJoinTool.m in Sources */ = {isa = PBXBuildFile; fileRef = 7243C7F11F3962A6003F4A90 /* SubJoinTool.m */; };
		7243C8011F3962A6003F4A90 /* UIButton+ytcChain.m in Sources */ = {isa = PBXBuildFile; fileRef = 7243C7F31F3962A6003F4A90 /* UIButton+ytcChain.m */; };
		7243C8021F3962A6003F4A90 /* UIImageView+ytcChain.m in Sources */ = {isa = PBXBuildFile; fileRef = 7243C7F51F3962A6003F4A90 /* UIImageView+ytcChain.m */; };
		7243C8031F3962A6003F4A90 /* UILabel+ytcChain.m in Sources */ = {isa = PBXBuildFile; fileRef = 7243C7F71F3962A6003F4A90 /* UILabel+ytcChain.m */; };
		7243C8041F3962A6003F4A90 /* UIScrollView+ytcChain.m in Sources */ = {isa = PBXBuildFile; fileRef = 7243C7F91F3962A6003F4A90 /* UIScrollView+ytcChain.m */; };
		7243C8051F3962A6003F4A90 /* UITextField+ytcChain.m in Sources */ = {isa = PBXBuildFile; fileRef = 7243C7FB1F3962A6003F4A90 /* UITextField+ytcChain.m */; };
		7243C8061F3962A6003F4A90 /* UIView+ytcChain.m in Sources */ = {isa = PBXBuildFile; fileRef = 7243C7FD1F3962A6003F4A90 /* UIView+ytcChain.m */; };
		726B908D1F3BF307002DBF5F /* SecondViewController.m in Sources */ = {isa = PBXBuildFile; fileRef = 726B908C1F3BF307002DBF5F /* SecondViewController.m */; };
/* End PBXBuildFile section */

/* Begin PBXFileReference section */
		04597B881F36E26700D078FC /* LinkChainUIKit.app */ = {isa = PBXFileReference; explicitFileType = wrapper.application; includeInIndex = 0; path = LinkChainUIKit.app; sourceTree = BUILT_PRODUCTS_DIR; };
		04597B8C1F36E26700D078FC /* main.m */ = {isa = PBXFileReference; lastKnownFileType = sourcecode.c.objc; path = main.m; sourceTree = "<group>"; };
		04597B8E1F36E26700D078FC /* AppDelegate.h */ = {isa = PBXFileReference; lastKnownFileType = sourcecode.c.h; path = AppDelegate.h; sourceTree = "<group>"; };
		04597B8F1F36E26700D078FC /* AppDelegate.m */ = {isa = PBXFileReference; lastKnownFileType = sourcecode.c.objc; path = AppDelegate.m; sourceTree = "<group>"; };
		04597B911F36E26700D078FC /* ViewController.h */ = {isa = PBXFileReference; lastKnownFileType = sourcecode.c.h; path = ViewController.h; sourceTree = "<group>"; };
		04597B921F36E26700D078FC /* ViewController.m */ = {isa = PBXFileReference; lastKnownFileType = sourcecode.c.objc; path = ViewController.m; sourceTree = "<group>"; };
		04597B951F36E26700D078FC /* Base */ = {isa = PBXFileReference; lastKnownFileType = file.storyboard; name = Base; path = Base.lproj/Main.storyboard; sourceTree = "<group>"; };
		04597B971F36E26700D078FC /* Assets.xcassets */ = {isa = PBXFileReference; lastKnownFileType = folder.assetcatalog; path = Assets.xcassets; sourceTree = "<group>"; };
		04597B9A1F36E26700D078FC /* Base */ = {isa = PBXFileReference; lastKnownFileType = file.storyboard; name = Base; path = Base.lproj/LaunchScreen.storyboard; sourceTree = "<group>"; };
		04597B9C1F36E26700D078FC /* Info.plist */ = {isa = PBXFileReference; lastKnownFileType = text.plist.xml; path = Info.plist; sourceTree = "<group>"; };
		7218650C1F4A70AB00A9D4D6 /* CALayer+ytcChain.h */ = {isa = PBXFileReference; fileEncoding = 4; lastKnownFileType = sourcecode.c.h; path = "CALayer+ytcChain.h"; sourceTree = "<group>"; };
		7218650D1F4A70AB00A9D4D6 /* CALayer+ytcChain.m */ = {isa = PBXFileReference; fileEncoding = 4; lastKnownFileType = sourcecode.c.objc; path = "CALayer+ytcChain.m"; sourceTree = "<group>"; };
		7243C7F01F3962A6003F4A90 /* SubJoinTool.h */ = {isa = PBXFileReference; fileEncoding = 4; lastKnownFileType = sourcecode.c.h; path = SubJoinTool.h; sourceTree = "<group>"; };
		7243C7F11F3962A6003F4A90 /* SubJoinTool.m */ = {isa = PBXFileReference; fileEncoding = 4; lastKnownFileType = sourcecode.c.objc; path = SubJoinTool.m; sourceTree = "<group>"; };
		7243C7F21F3962A6003F4A90 /* UIButton+ytcChain.h */ = {isa = PBXFileReference; fileEncoding = 4; lastKnownFileType = sourcecode.c.h; path = "UIButton+ytcChain.h"; sourceTree = "<group>"; };
		7243C7F31F3962A6003F4A90 /* UIButton+ytcChain.m */ = {isa = PBXFileReference; fileEncoding = 4; lastKnownFileType = sourcecode.c.objc; path = "UIButton+ytcChain.m"; sourceTree = "<group>"; };
		7243C7F41F3962A6003F4A90 /* UIImageView+ytcChain.h */ = {isa = PBXFileReference; fileEncoding = 4; lastKnownFileType = sourcecode.c.h; path = "UIImageView+ytcChain.h"; sourceTree = "<group>"; };
		7243C7F51F3962A6003F4A90 /* UIImageView+ytcChain.m */ = {isa = PBXFileReference; fileEncoding = 4; lastKnownFileType = sourcecode.c.objc; path = "UIImageView+ytcChain.m"; sourceTree = "<group>"; };
		7243C7F61F3962A6003F4A90 /* UILabel+ytcChain.h */ = {isa = PBXFileReference; fileEncoding = 4; lastKnownFileType = sourcecode.c.h; path = "UILabel+ytcChain.h"; sourceTree = "<group>"; };
		7243C7F71F3962A6003F4A90 /* UILabel+ytcChain.m */ = {isa = PBXFileReference; fileEncoding = 4; lastKnownFileType = sourcecode.c.objc; path = "UILabel+ytcChain.m"; sourceTree = "<group>"; };
		7243C7F81F3962A6003F4A90 /* UIScrollView+ytcChain.h */ = {isa = PBXFileReference; fileEncoding = 4; lastKnownFileType = sourcecode.c.h; path = "UIScrollView+ytcChain.h"; sourceTree = "<group>"; };
		7243C7F91F3962A6003F4A90 /* UIScrollView+ytcChain.m */ = {isa = PBXFileReference; fileEncoding = 4; lastKnownFileType = sourcecode.c.objc; path = "UIScrollView+ytcChain.m"; sourceTree = "<group>"; };
		7243C7FA1F3962A6003F4A90 /* UITextField+ytcChain.h */ = {isa = PBXFileReference; fileEncoding = 4; lastKnownFileType = sourcecode.c.h; path = "UITextField+ytcChain.h"; sourceTree = "<group>"; };
		7243C7FB1F3962A6003F4A90 /* UITextField+ytcChain.m */ = {isa = PBXFileReference; fileEncoding = 4; lastKnownFileType = sourcecode.c.objc; path = "UITextField+ytcChain.m"; sourceTree = "<group>"; };
		7243C7FC1F3962A6003F4A90 /* UIView+ytcChain.h */ = {isa = PBXFileReference; fileEncoding = 4; lastKnownFileType = sourcecode.c.h; path = "UIView+ytcChain.h"; sourceTree = "<group>"; };
		7243C7FD1F3962A6003F4A90 /* UIView+ytcChain.m */ = {isa = PBXFileReference; fileEncoding = 4; lastKnownFileType = sourcecode.c.objc; path = "UIView+ytcChain.m"; sourceTree = "<group>"; };
		7243C7FE1F3962A6003F4A90 /* ytcChainHeader.h */ = {isa = PBXFileReference; fileEncoding = 4; lastKnownFileType = sourcecode.c.h; path = ytcChainHeader.h; sourceTree = "<group>"; };
		7243C7FF1F3962A6003F4A90 /* ytcChainProtocol.h */ = {isa = PBXFileReference; fileEncoding = 4; lastKnownFileType = sourcecode.c.h; path = ytcChainProtocol.h; sourceTree = "<group>"; };
		726B908B1F3BF306002DBF5F /* SecondViewController.h */ = {isa = PBXFileReference; fileEncoding = 4; lastKnownFileType = sourcecode.c.h; path = SecondViewController.h; sourceTree = "<group>"; };
		726B908C1F3BF307002DBF5F /* SecondViewController.m */ = {isa = PBXFileReference; fileEncoding = 4; lastKnownFileType = sourcecode.c.objc; path = SecondViewController.m; sourceTree = "<group>"; };
/* End PBXFileReference section */

/* Begin PBXFrameworksBuildPhase section */
		04597B851F36E26700D078FC /* Frameworks */ = {
			isa = PBXFrameworksBuildPhase;
			buildActionMask = 2147483647;
			files = (
			);
			runOnlyForDeploymentPostprocessing = 0;
		};
/* End PBXFrameworksBuildPhase section */

/* Begin PBXGroup section */
		04597B7F1F36E26700D078FC = {
			isa = PBXGroup;
			children = (
				04597B8A1F36E26700D078FC /* LinkChainUIKit */,
				04597B891F36E26700D078FC /* Products */,
			);
			sourceTree = "<group>";
		};
		04597B891F36E26700D078FC /* Products */ = {
			isa = PBXGroup;
			children = (
				04597B881F36E26700D078FC /* LinkChainUIKit.app */,
			);
			name = Products;
			sourceTree = "<group>";
		};
		04597B8A1F36E26700D078FC /* LinkChainUIKit */ = {
			isa = PBXGroup;
			children = (
				7243C7EE1F3962A6003F4A90 /* tcLinkLibiary */,
				04597B8E1F36E26700D078FC /* AppDelegate.h */,
				04597B8F1F36E26700D078FC /* AppDelegate.m */,
				04597B911F36E26700D078FC /* ViewController.h */,
				04597B921F36E26700D078FC /* ViewController.m */,
				726B908B1F3BF306002DBF5F /* SecondViewController.h */,
				726B908C1F3BF307002DBF5F /* SecondViewController.m */,
				04597B941F36E26700D078FC /* Main.storyboard */,
				04597B971F36E26700D078FC /* Assets.xcassets */,
				04597B991F36E26700D078FC /* LaunchScreen.storyboard */,
				04597B9C1F36E26700D078FC /* Info.plist */,
				04597B8B1F36E26700D078FC /* Supporting Files */,
			);
			path = LinkChainUIKit;
			sourceTree = "<group>";
		};
		04597B8B1F36E26700D078FC /* Supporting Files */ = {
			isa = PBXGroup;
			children = (
				04597B8C1F36E26700D078FC /* main.m */,
			);
			name = "Supporting Files";
			sourceTree = "<group>";
		};
		7243C7EE1F3962A6003F4A90 /* tcLinkLibiary */ = {
			isa = PBXGroup;
			children = (
				7243C7EF1F3962A6003F4A90 /* tcUICategory */,
			);
			path = tcLinkLibiary;
			sourceTree = "<group>";
		};
		7243C7EF1F3962A6003F4A90 /* tcUICategory */ = {
			isa = PBXGroup;
			children = (
				7243C7F01F3962A6003F4A90 /* SubJoinTool.h */,
				7243C7F11F3962A6003F4A90 /* SubJoinTool.m */,
				7218650C1F4A70AB00A9D4D6 /* CALayer+ytcChain.h */,
				7218650D1F4A70AB00A9D4D6 /* CALayer+ytcChain.m */,
				7243C7FC1F3962A6003F4A90 /* UIView+ytcChain.h */,
				7243C7FD1F3962A6003F4A90 /* UIView+ytcChain.m */,
				7243C7F21F3962A6003F4A90 /* UIButton+ytcChain.h */,
				7243C7F31F3962A6003F4A90 /* UIButton+ytcChain.m */,
				7243C7F41F3962A6003F4A90 /* UIImageView+ytcChain.h */,
				7243C7F51F3962A6003F4A90 /* UIImageView+ytcChain.m */,
				7243C7F61F3962A6003F4A90 /* UILabel+ytcChain.h */,
				7243C7F71F3962A6003F4A90 /* UILabel+ytcChain.m */,
				7243C7F81F3962A6003F4A90 /* UIScrollView+ytcChain.h */,
				7243C7F91F3962A6003F4A90 /* UIScrollView+ytcChain.m */,
				7243C7FA1F3962A6003F4A90 /* UITextField+ytcChain.h */,
				7243C7FB1F3962A6003F4A90 /* UITextField+ytcChain.m */,
				7243C7FE1F3962A6003F4A90 /* ytcChainHeader.h */,
				7243C7FF1F3962A6003F4A90 /* ytcChainProtocol.h */,
			);
			path = tcUICategory;
			sourceTree = "<group>";
		};
/* End PBXGroup section */

/* Begin PBXNativeTarget section */
		04597B871F36E26700D078FC /* LinkChainUIKit */ = {
			isa = PBXNativeTarget;
			buildConfigurationList = 04597B9F1F36E26700D078FC /* Build configuration list for PBXNativeTarget "LinkChainUIKit" */;
			buildPhases = (
				04597B841F36E26700D078FC /* Sources */,
				04597B851F36E26700D078FC /* Frameworks */,
				04597B861F36E26700D078FC /* Resources */,
			);
			buildRules = (
			);
			dependencies = (
			);
			name = LinkChainUIKit;
			productName = LinkChainUIKit;
			productReference = 04597B881F36E26700D078FC /* LinkChainUIKit.app */;
			productType = "com.apple.product-type.application";
		};
/* End PBXNativeTarget section */

/* Begin PBXProject section */
		04597B801F36E26700D078FC /* Project object */ = {
			isa = PBXProject;
			attributes = {
				LastUpgradeCheck = 0700;
				ORGANIZATIONNAME = YTCProuduct;
				TargetAttributes = {
					04597B871F36E26700D078FC = {
						CreatedOnToolsVersion = 7.0;
					};
				};
			};
			buildConfigurationList = 04597B831F36E26700D078FC /* Build configuration list for PBXProject "LinkChainUIKit" */;
			compatibilityVersion = "Xcode 3.2";
			developmentRegion = English;
			hasScannedForEncodings = 0;
			knownRegions = (
				en,
				Base,
			);
			mainGroup = 04597B7F1F36E26700D078FC;
			productRefGroup = 04597B891F36E26700D078FC /* Products */;
			projectDirPath = "";
			projectRoot = "";
			targets = (
				04597B871F36E26700D078FC /* LinkChainUIKit */,
			);
		};
/* End PBXProject section */

/* Begin PBXResourcesBuildPhase section */
		04597B861F36E26700D078FC /* Resources */ = {
			isa = PBXResourcesBuildPhase;
			buildActionMask = 2147483647;
			files = (
				04597B9B1F36E26700D078FC /* LaunchScreen.storyboard in Resources */,
				04597B981F36E26700D078FC /* Assets.xcassets in Resources */,
				04597B961F36E26700D078FC /* Main.storyboard in Resources */,
			);
			runOnlyForDeploymentPostprocessing = 0;
		};
/* End PBXResourcesBuildPhase section */

/* Begin PBXSourcesBuildPhase section */
		04597B841F36E26700D078FC /* Sources */ = {
			isa = PBXSourcesBuildPhase;
			buildActionMask = 2147483647;
			files = (
				7218650E1F4A70AB00A9D4D6 /* CALayer+ytcChain.m in Sources */,
				7243C8051F3962A6003F4A90 /* UITextField+ytcChain.m in Sources */,
				7243C8041F3962A6003F4A90 /* UIScrollView+ytcChain.m in Sources */,
				7243C8001F3962A6003F4A90 /* SubJoinTool.m in Sources */,
				04597B931F36E26700D078FC /* ViewController.m in Sources */,
				7243C8011F3962A6003F4A90 /* UIButton+ytcChain.m in Sources */,
				04597B901F36E26700D078FC /* AppDelegate.m in Sources */,
				04597B8D1F36E26700D078FC /* main.m in Sources */,
				7243C8021F3962A6003F4A90 /* UIImageView+ytcChain.m in Sources */,
				726B908D1F3BF307002DBF5F /* SecondViewController.m in Sources */,
				7243C8031F3962A6003F4A90 /* UILabel+ytcChain.m in Sources */,
				7243C8061F3962A6003F4A90 /* UIView+ytcChain.m in Sources */,
			);
			runOnlyForDeploymentPostprocessing = 0;
		};
/* End PBXSourcesBuildPhase section */

/* Begin PBXVariantGroup section */
		04597B941F36E26700D078FC /* Main.storyboard */ = {
			isa = PBXVariantGroup;
			children = (
				04597B951F36E26700D078FC /* Base */,
			);
			name = Main.storyboard;
			sourceTree = "<group>";
		};
		04597B991F36E26700D078FC /* LaunchScreen.storyboard */ = {
			isa = PBXVariantGroup;
			children = (
				04597B9A1F36E26700D078FC /* Base */,
			);
			name = LaunchScreen.storyboard;
			sourceTree = "<group>";
		};
/* End PBXVariantGroup section */

/* Begin XCBuildConfiguration section */
		04597B9D1F36E26700D078FC /* Debug */ = {
			isa = XCBuildConfiguration;
			buildSettings = {
				ALWAYS_SEARCH_USER_PATHS = NO;
				CLANG_CXX_LANGUAGE_STANDARD = "gnu++0x";
				CLANG_CXX_LIBRARY = "libc++";
				CLANG_ENABLE_MODULES = YES;
				CLANG_ENABLE_OBJC_ARC = YES;
				CLANG_WARN_BOOL_CONVERSION = YES;
				CLANG_WARN_CONSTANT_CONVERSION = YES;
				CLANG_WARN_DIRECT_OBJC_ISA_USAGE = YES_ERROR;
				CLANG_WARN_EMPTY_BODY = YES;
				CLANG_WARN_ENUM_CONVERSION = YES;
				CLANG_WARN_INT_CONVERSION = YES;
				CLANG_WARN_OBJC_ROOT_CLASS = YES_ERROR;
				CLANG_WARN_UNREACHABLE_CODE = YES;
				CLANG_WARN__DUPLICATE_METHOD_MATCH = YES;
				"CODE_SIGN_IDENTITY[sdk=iphoneos*]" = "iPhone Developer";
				COPY_PHASE_STRIP = NO;
				DEBUG_INFORMATION_FORMAT = dwarf;
				ENABLE_STRICT_OBJC_MSGSEND = YES;
				ENABLE_TESTABILITY = YES;
				GCC_C_LANGUAGE_STANDARD = gnu99;
				GCC_DYNAMIC_NO_PIC = NO;
				GCC_NO_COMMON_BLOCKS = YES;
				GCC_OPTIMIZATION_LEVEL = 0;
				GCC_PREPROCESSOR_DEFINITIONS = (
					"DEBUG=1",
					"$(inherited)",
				);
				GCC_WARN_64_TO_32_BIT_CONVERSION = YES;
				GCC_WARN_ABOUT_RETURN_TYPE = YES_ERROR;
				GCC_WARN_UNDECLARED_SELECTOR = YES;
				GCC_WARN_UNINITIALIZED_AUTOS = YES_AGGRESSIVE;
				GCC_WARN_UNUSED_FUNCTION = YES;
				GCC_WARN_UNUSED_VARIABLE = YES;
				IPHONEOS_DEPLOYMENT_TARGET = 9.0;
				MTL_ENABLE_DEBUG_INFO = YES;
				ONLY_ACTIVE_ARCH = YES;
				SDKROOT = iphoneos;
			};
			name = Debug;
		};
		04597B9E1F36E26700D078FC /* Release */ = {
			isa = XCBuildConfiguration;
			buildSettings = {
				ALWAYS_SEARCH_USER_PATHS = NO;
				CLANG_CXX_LANGUAGE_STANDARD = "gnu++0x";
				CLANG_CXX_LIBRARY = "libc++";
				CLANG_ENABLE_MODULES = YES;
				CLANG_ENABLE_OBJC_ARC = YES;
				CLANG_WARN_BOOL_CONVERSION = YES;
				CLANG_WARN_CONSTANT_CONVERSION = YES;
				CLANG_WARN_DIRECT_OBJC_ISA_USAGE = YES_ERROR;
				CLANG_WARN_EMPTY_BODY = YES;
				CLANG_WARN_ENUM_CONVERSION = YES;
				CLANG_WARN_INT_CONVERSION = YES;
				CLANG_WARN_OBJC_ROOT_CLASS = YES_ERROR;
				CLANG_WARN_UNREACHABLE_CODE = YES;
				CLANG_WARN__DUPLICATE_METHOD_MATCH = YES;
				"CODE_SIGN_IDENTITY[sdk=iphoneos*]" = "iPhone Developer";
				COPY_PHASE_STRIP = NO;
				DEBUG_INFORMATION_FORMAT = "dwarf-with-dsym";
				ENABLE_NS_ASSERTIONS = NO;
				ENABLE_STRICT_OBJC_MSGSEND = YES;
				GCC_C_LANGUAGE_STANDARD = gnu99;
				GCC_NO_COMMON_BLOCKS = YES;
				GCC_WARN_64_TO_32_BIT_CONVERSION = YES;
				GCC_WARN_ABOUT_RETURN_TYPE = YES_ERROR;
				GCC_WARN_UNDECLARED_SELECTOR = YES;
				GCC_WARN_UNINITIALIZED_AUTOS = YES_AGGRESSIVE;
				GCC_WARN_UNUSED_FUNCTION = YES;
				GCC_WARN_UNUSED_VARIABLE = YES;
				IPHONEOS_DEPLOYMENT_TARGET = 9.0;
				MTL_ENABLE_DEBUG_INFO = NO;
				SDKROOT = iphoneos;
				VALIDATE_PRODUCT = YES;
			};
			name = Release;
		};
		04597BA01F36E26700D078FC /* Debug */ = {
			isa = XCBuildConfiguration;
			buildSettings = {
				ASSETCATALOG_COMPILER_APPICON_NAME = AppIcon;
				INFOPLIST_FILE = LinkChainUIKit/Info.plist;
				LD_RUNPATH_SEARCH_PATHS = "$(inherited) @executable_path/Frameworks";
				PRODUCT_BUNDLE_IDENTIFIER = ProuductYTC.LinkChainUIKit;
				PRODUCT_NAME = "$(TARGET_NAME)";
			};
			name = Debug;
		};
		04597BA11F36E26700D078FC /* Release */ = {
			isa = XCBuildConfiguration;
			buildSettings = {
				ASSETCATALOG_COMPILER_APPICON_NAME = AppIcon;
				INFOPLIST_FILE = LinkChainUIKit/Info.plist;
				LD_RUNPATH_SEARCH_PATHS = "$(inherited) @executable_path/Frameworks";
				PRODUCT_BUNDLE_IDENTIFIER = ProuductYTC.LinkChainUIKit;
				PRODUCT_NAME = "$(TARGET_NAME)";
			};
			name = Release;
		};
/* End XCBuildConfiguration section */

/* Begin XCConfigurationList section */
		04597B831F36E26700D078FC /* Build configuration list for PBXProject "LinkChainUIKit" */ = {
			isa = XCConfigurationList;
			buildConfigurations = (
				04597B9D1F36E26700D078FC /* Debug */,
				04597B9E1F36E26700D078FC /* Release */,
			);
			defaultConfigurationIsVisible = 0;
			defaultConfigurationName = Release;
		};
		04597B9F1F36E26700D078FC /* Build configuration list for PBXNativeTarget "LinkChainUIKit" */ = {
			isa = XCConfigurationList;
			buildConfigurations = (
				04597BA01F36E26700D078FC /* Debug */,
				04597BA11F36E26700D078FC /* Release */,
			);
			defaultConfigurationIsVisible = 0;
			defaultConfigurationName = Release;
		};
/* End XCConfigurationList section */
	};
	rootObject = 04597B801F36E26700D078FC /* Project object */;
}
